
Microsoft Visual Studio Solution File, Format Version 12.00
# Visual Studio Version 17
VisualStudioVersion = 17.7.34018.315
MinimumVisualStudioVersion = 10.0.40219.1
Project("{8BC9CEB8-8B4A-11D0-8D11-00A0C91BC942}") = "Lecture03-1", "Lecture03-1.vcxproj", "{FBB7D695-75CB-4887-96D2-B1247CE1A8F2}"
EndProject
Project("{8BC9CEB8-8B4A-11D0-8D11-00A0C91BC942}") = "Lecture04", "..\Lecture04\Lecture04.vcxproj", "{835A49B0-387D-4ACB-8E3F-79E29D799FFD}"
EndProject
Global
	GlobalSection(SolutionConfigurationPlatforms) = preSolution
		Debug|x64 = Debug|x64
		Debug|x86 = Debug|x86
		Release|x64 = Release|x64
		Release|x86 = Release|x86
	EndGlobalSection
	GlobalSection(ProjectConfigurationPlatforms) = postSolution
		{FBB7D695-75CB-4887-96D2-B1247CE1A8F2}.Debug|x64.ActiveCfg = Debug|x64
		{FBB7D695-75CB-4887-96D2-B1247CE1A8F2}.Debug|x64.Build.0 = Debug|x64
		{FBB7D695-75CB-4887-96D2-B1247CE1A8F2}.Debug|x86.ActiveCfg = Debug|Win32
		{FBB7D695-75CB-4887-96D2-B1247CE1A8F2}.Debug|x86.Build.0 = Debug|Win32
		{FBB7D695-75CB-4887-96D2-B1247CE1A8F2}.Release|x64.ActiveCfg = Release|x64
		{FBB7D695-75CB-4887-96D2-B1247CE1A8F2}.Release|x64.Build.0 = Release|x64
		{FBB7D695-75CB-4887-96D2-B1247CE1A8F2}.Release|x86.ActiveCfg = Release|Win32
		{FBB7D695-75CB-4887-96D2-B1247CE1A8F2}.Release|x86.Build.0 = Release|Win32
		{835A49B0-387D-4ACB-8E3F-79E29D799FFD}.Debug|x64.ActiveCfg = Debug|x64
		{835A49B0-387D-4ACB-8E3F-79E29D799FFD}.Debug|x64.Build.0 = Debug|x64
		{835A49B0-387D-4ACB-8E3F-79E29D799FFD}.Debug|x86.ActiveCfg = Debug|Win32
		{835A49B0-387D-4ACB-8E3F-79E29D799FFD}.Debug|x86.Build.0 = Debug|Win32
		{835A49B0-387D-4ACB-8E3F-79E29D799FFD}.Release|x64.ActiveCfg = Release|x64
		{835A49B0-387D-4ACB-8E3F-79E29D799FFD}.Release|x64.Build.0 = Release|x64
		{835A49B0-387D-4ACB-8E3F-79E29D799FFD}.Release|x86.ActiveCfg = Release|Win32
		{835A49B0-387D-4ACB-8E3F-79E29D799FFD}.Release|x86.Build.0 = Release|Win32
	EndGlobalSection
	GlobalSection(SolutionProperties) = preSolution
		HideSolutionNode = FALSE
	EndGlobalSection
	GlobalSection(ExtensibilityGlobals) = postSolution
		SolutionGuid = {33DB626B-8585-45F3-8AF3-8B0F534B1C9D}
	EndGlobalSection
EndGlobal
